
Microsoft Visual Studio Solution File, Format Version 12.00
# Visual Studio Version 16
VisualStudioVersion = 25.0.1700.0
MinimumVisualStudioVersion = 10.0.40219.1
Project("{FAE04EC0-301F-11D3-BF4B-00C04F79EFBC}") = "ChristianDevelTest", "ChristianDevelTest\ChristianDevelTest.csproj", "{37B3F021-1EE8-44C8-9BF7-D5BDE813E84E}"
EndProject
Global
	GlobalSection(SolutionConfigurationPlatforms) = preSolution
		Debug|Any CPU = Debug|Any CPU
		Release|Any CPU = Release|Any CPU
	EndGlobalSection
	GlobalSection(ProjectConfigurationPlatforms) = postSolution
		{37B3F021-1EE8-44C8-9BF7-D5BDE813E84E}.Debug|Any CPU.ActiveCfg = Debug|Any CPU
		{37B3F021-1EE8-44C8-9BF7-D5BDE813E84E}.Debug|Any CPU.Build.0 = Debug|Any CPU
		{37B3F021-1EE8-44C8-9BF7-D5BDE813E84E}.Release|Any CPU.ActiveCfg = Release|Any CPU
		{37B3F021-1EE8-44C8-9BF7-D5BDE813E84E}.Release|Any CPU.Build.0 = Release|Any CPU
	EndGlobalSection
	GlobalSection(SolutionProperties) = preSolution
		HideSolutionNode = FALSE
	EndGlobalSection
	GlobalSection(ExtensibilityGlobals) = postSolution
		SolutionGuid = {45B97AA8-5DDB-4806-9F37-A9C82F93871B}
	EndGlobalSection
EndGlobal
